
Microsoft Visual Studio Solution File, Format Version 12.00
# Visual Studio 15
VisualStudioVersion = 15.0.27110.0
MinimumVisualStudioVersion = 10.0.40219.1
Project("{FAE04EC0-301F-11D3-BF4B-00C04F79EFBC}") = "SignWordDoc", "SignWordDoc\SignWordDoc.csproj", "{376BE132-624A-4981-ADF3-354F2705D0BB}"
EndProject
Global
	GlobalSection(SolutionConfigurationPlatforms) = preSolution
		Debug|Any CPU = Debug|Any CPU
		Release|Any CPU = Release|Any CPU
	EndGlobalSection
	GlobalSection(ProjectConfigurationPlatforms) = postSolution
		{376BE132-624A-4981-ADF3-354F2705D0BB}.Debug|Any CPU.ActiveCfg = Debug|Any CPU
		{376BE132-624A-4981-ADF3-354F2705D0BB}.Debug|Any CPU.Build.0 = Debug|Any CPU
		{376BE132-624A-4981-ADF3-354F2705D0BB}.Release|Any CPU.ActiveCfg = Release|Any CPU
		{376BE132-624A-4981-ADF3-354F2705D0BB}.Release|Any CPU.Build.0 = Release|Any CPU
	EndGlobalSection
	GlobalSection(SolutionProperties) = preSolution
		HideSolutionNode = FALSE
	EndGlobalSection
	GlobalSection(ExtensibilityGlobals) = postSolution
		SolutionGuid = {FDE0C94D-6F3D-4C88-B159-E76A62F2C990}
	EndGlobalSection
EndGlobal
